
Microsoft Visual Studio Solution File, Format Version 12.00
# Visual Studio Version 16
VisualStudioVersion = 16.0.31702.278
MinimumVisualStudioVersion = 10.0.40219.1
Project("{FAE04EC0-301F-11D3-BF4B-00C04F79EFBC}") = "CircleLab10", "CircleLab10\CircleLab10.csproj", "{AF0783F9-29C0-47AE-9262-B53C47BA3078}"
EndProject
Global
	GlobalSection(SolutionConfigurationPlatforms) = preSolution
		Debug|Any CPU = Debug|Any CPU
		Release|Any CPU = Release|Any CPU
	EndGlobalSection
	GlobalSection(ProjectConfigurationPlatforms) = postSolution
		{AF0783F9-29C0-47AE-9262-B53C47BA3078}.Debug|Any CPU.ActiveCfg = Debug|Any CPU
		{AF0783F9-29C0-47AE-9262-B53C47BA3078}.Debug|Any CPU.Build.0 = Debug|Any CPU
		{AF0783F9-29C0-47AE-9262-B53C47BA3078}.Release|Any CPU.ActiveCfg = Release|Any CPU
		{AF0783F9-29C0-47AE-9262-B53C47BA3078}.Release|Any CPU.Build.0 = Release|Any CPU
	EndGlobalSection
	GlobalSection(SolutionProperties) = preSolution
		HideSolutionNode = FALSE
	EndGlobalSection
	GlobalSection(ExtensibilityGlobals) = postSolution
		SolutionGuid = {F12DBB63-23E7-4E45-97A6-3758AACEB995}
	EndGlobalSection
EndGlobal
